// !$*UTF8*$!
{
	archiveVersion = 1;
	classes = {
	};
	objectVersion = 46;
	objects = {

/* Begin PBXBuildFile section */
		67AC79761CBEE56700551E1F /* Info.plist in Resources */ = {isa = PBXBuildFile; fileRef = 67DA19521C8DE6C500BB9382 /* Info.plist */; };
		67DA193E1C8DE6C500BB9382 /* main.m in Sources */ = {isa = PBXBuildFile; fileRef = 67DA193D1C8DE6C500BB9382 /* main.m */; };
		67DA19411C8DE6C500BB9382 /* AppDelegate.m in Sources */ = {isa = PBXBuildFile; fileRef = 67DA19401C8DE6C500BB9382 /* AppDelegate.m */; };
		67DA19441C8DE6C500BB9382 /* GameScene.m in Sources */ = {isa = PBXBuildFile; fileRef = 67DA19431C8DE6C500BB9382 /* GameScene.m */; };
		67DA19461C8DE6C500BB9382 /* GameScene.sks in Resources */ = {isa = PBXBuildFile; fileRef = 67DA19451C8DE6C500BB9382 /* GameScene.sks */; };
		67DA19491C8DE6C500BB9382 /* GameViewController.m in Sources */ = {isa = PBXBuildFile; fileRef = 67DA19481C8DE6C500BB9382 /* GameViewController.m */; };
		67DA194C1C8DE6C500BB9382 /* Main.storyboard in Resources */ = {isa = PBXBuildFile; fileRef = 67DA194A1C8DE6C500BB9382 /* Main.storyboard */; };
		67DA194E1C8DE6C500BB9382 /* Assets.xcassets in Resources */ = {isa = PBXBuildFile; fileRef = 67DA194D1C8DE6C500BB9382 /* Assets.xcassets */; };
		67DA19511C8DE6C500BB9382 /* LaunchScreen.storyboard in Resources */ = {isa = PBXBuildFile; fileRef = 67DA194F1C8DE6C500BB9382 /* LaunchScreen.storyboard */; };
		67DA195A1C8DE6F400BB9382 /* DynamicWaterNode.m in Sources */ = {isa = PBXBuildFile; fileRef = 67DA19591C8DE6F400BB9382 /* DynamicWaterNode.m */; };
		67DA195F1C8E542300BB9382 /* rock.png in Resources */ = {isa = PBXBuildFile; fileRef = 67DA195C1C8E542300BB9382 /* rock.png */; };
		67DA19601C8E542300BB9382 /* sky.png in Resources */ = {isa = PBXBuildFile; fileRef = 67DA195D1C8E542300BB9382 /* sky.png */; };
		67DA19B31C8F39A400BB9382 /* Rock.m in Sources */ = {isa = PBXBuildFile; fileRef = 67DA19B21C8F39A400BB9382 /* Rock.m */; };
		67DA19BA1C8F8B7900BB9382 /* Droplets.fsh in Resources */ = {isa = PBXBuildFile; fileRef = 67DA19B91C8F8B7900BB9382 /* Droplets.fsh */; };
		67DA19BD1C8FA22900BB9382 /* MyEmitter.sks in Resources */ = {isa = PBXBuildFile; fileRef = 67DA19BB1C8FA22900BB9382 /* MyEmitter.sks */; };
		67DA19BE1C8FA22900BB9382 /* spark.png in Resources */ = {isa = PBXBuildFile; fileRef = 67DA19BC1C8FA22900BB9382 /* spark.png */; };
		67DA19C71C90794800BB9382 /* SettingsSliderCell.m in Sources */ = {isa = PBXBuildFile; fileRef = 67DA19C51C90794800BB9382 /* SettingsSliderCell.m */; };
		67DA19C81C90794800BB9382 /* SettingsSliderCell.xib in Resources */ = {isa = PBXBuildFile; fileRef = 67DA19C61C90794800BB9382 /* SettingsSliderCell.xib */; };
		67DA19CB1C90809D00BB9382 /* SettingsCellInfo.m in Sources */ = {isa = PBXBuildFile; fileRef = 67DA19CA1C90809D00BB9382 /* SettingsCellInfo.m */; };
		67DA19CF1C909FEF00BB9382 /* SettingsView.h in Sources */ = {isa = PBXBuildFile; fileRef = 67DA19B41C8F7E2D00BB9382 /* SettingsView.h */; };
		67DA19D01C909FEF00BB9382 /* SettingsView.m in Sources */ = {isa = PBXBuildFile; fileRef = 67DA19B51C8F7E2D00BB9382 /* SettingsView.m */; };
		67DA19D21C90A06A00BB9382 /* Droplet.png in Resources */ = {isa = PBXBuildFile; fileRef = 67DA19D11C90A06A00BB9382 /* Droplet.png */; };
		67DA19D31C90A2C300BB9382 /* SettingsView.xib in Resources */ = {isa = PBXBuildFile; fileRef = 67DA19B71C8F7E4500BB9382 /* SettingsView.xib */; };
		67DA19D71C90C0EC00BB9382 /* SettingsTitleCell.m in Sources */ = {isa = PBXBuildFile; fileRef = 67DA19D51C90C0EC00BB9382 /* SettingsTitleCell.m */; };
		67DA19D81C90C0EC00BB9382 /* SettingsTitleCell.xib in Resources */ = {isa = PBXBuildFile; fileRef = 67DA19D61C90C0EC00BB9382 /* SettingsTitleCell.xib */; };
/* End PBXBuildFile section */

/* Begin PBXFileReference section */
		67DA19391C8DE6C400BB9382 /* DynamicWater.app */ = {isa = PBXFileReference; explicitFileType = wrapper.application; includeInIndex = 0; path = DynamicWater.app; sourceTree = BUILT_PRODUCTS_DIR; };
		67DA193D1C8DE6C500BB9382 /* main.m */ = {isa = PBXFileReference; lastKnownFileType = sourcecode.c.objc; path = main.m; sourceTree = "<group>"; };
		67DA193F1C8DE6C500BB9382 /* AppDelegate.h */ = {isa = PBXFileReference; lastKnownFileType = sourcecode.c.h; path = AppDelegate.h; sourceTree = "<group>"; };
		67DA19401C8DE6C500BB9382 /* AppDelegate.m */ = {isa = PBXFileReference; lastKnownFileType = sourcecode.c.objc; path = AppDelegate.m; sourceTree = "<group>"; };
		67DA19421C8DE6C500BB9382 /* GameScene.h */ = {isa = PBXFileReference; lastKnownFileType = sourcecode.c.h; path = GameScene.h; sourceTree = "<group>"; };
		67DA19431C8DE6C500BB9382 /* GameScene.m */ = {isa = PBXFileReference; lastKnownFileType = sourcecode.c.objc; path = GameScene.m; sourceTree = "<group>"; };
		67DA19451C8DE6C500BB9382 /* GameScene.sks */ = {isa = PBXFileReference; lastKnownFileType = file.sks; path = GameScene.sks; sourceTree = "<group>"; };
		67DA19471C8DE6C500BB9382 /* GameViewController.h */ = {isa = PBXFileReference; lastKnownFileType = sourcecode.c.h; path = GameViewController.h; sourceTree = "<group>"; };
		67DA19481C8DE6C500BB9382 /* GameViewController.m */ = {isa = PBXFileReference; lastKnownFileType = sourcecode.c.objc; path = GameViewController.m; sourceTree = "<group>"; };
		67DA194B1C8DE6C500BB9382 /* Base */ = {isa = PBXFileReference; lastKnownFileType = file.storyboard; name = Base; path = Base.lproj/Main.storyboard; sourceTree = "<group>"; };
		67DA194D1C8DE6C500BB9382 /* Assets.xcassets */ = {isa = PBXFileReference; lastKnownFileType = folder.assetcatalog; path = Assets.xcassets; sourceTree = "<group>"; };
		67DA19501C8DE6C500BB9382 /* Base */ = {isa = PBXFileReference; lastKnownFileType = file.storyboard; name = Base; path = Base.lproj/LaunchScreen.storyboard; sourceTree = "<group>"; };
		67DA19521C8DE6C500BB9382 /* Info.plist */ = {isa = PBXFileReference; lastKnownFileType = text.plist.xml; path = Info.plist; sourceTree = "<group>"; };
		67DA19581C8DE6F400BB9382 /* DynamicWaterNode.h */ = {isa = PBXFileReference; fileEncoding = 4; lastKnownFileType = sourcecode.c.h; path = DynamicWaterNode.h; sourceTree = "<group>"; };
		67DA19591C8DE6F400BB9382 /* DynamicWaterNode.m */ = {isa = PBXFileReference; fileEncoding = 4; lastKnownFileType = sourcecode.c.objc; path = DynamicWaterNode.m; sourceTree = "<group>"; };
		67DA195C1C8E542300BB9382 /* rock.png */ = {isa = PBXFileReference; lastKnownFileType = image.png; path = rock.png; sourceTree = "<group>"; };
		67DA195D1C8E542300BB9382 /* sky.png */ = {isa = PBXFileReference; lastKnownFileType = image.png; path = sky.png; sourceTree = "<group>"; };
		67DA19B11C8F39A400BB9382 /* Rock.h */ = {isa = PBXFileReference; fileEncoding = 4; lastKnownFileType = sourcecode.c.h; path = Rock.h; sourceTree = "<group>"; };
		67DA19B21C8F39A400BB9382 /* Rock.m */ = {isa = PBXFileReference; fileEncoding = 4; lastKnownFileType = sourcecode.c.objc; path = Rock.m; sourceTree = "<group>"; };
		67DA19B41C8F7E2D00BB9382 /* SettingsView.h */ = {isa = PBXFileReference; fileEncoding = 4; lastKnownFileType = sourcecode.c.h; path = SettingsView.h; sourceTree = "<group>"; };
		67DA19B51C8F7E2D00BB9382 /* SettingsView.m */ = {isa = PBXFileReference; fileEncoding = 4; lastKnownFileType = sourcecode.c.objc; path = SettingsView.m; sourceTree = "<group>"; };
		67DA19B71C8F7E4500BB9382 /* SettingsView.xib */ = {isa = PBXFileReference; fileEncoding = 4; lastKnownFileType = file.xib; path = SettingsView.xib; sourceTree = "<group>"; };
		67DA19B91C8F8B7900BB9382 /* Droplets.fsh */ = {isa = PBXFileReference; fileEncoding = 4; lastKnownFileType = sourcecode.glsl; path = Droplets.fsh; sourceTree = "<group>"; };
		67DA19BB1C8FA22900BB9382 /* MyEmitter.sks */ = {isa = PBXFileReference; lastKnownFileType = file.sks; path = MyEmitter.sks; sourceTree = "<group>"; };
		67DA19BC1C8FA22900BB9382 /* spark.png */ = {isa = PBXFileReference; lastKnownFileType = image.png; path = spark.png; sourceTree = "<group>"; };
		67DA19C41C90794800BB9382 /* SettingsSliderCell.h */ = {isa = PBXFileReference; fileEncoding = 4; lastKnownFileType = sourcecode.c.h; path = SettingsSliderCell.h; sourceTree = "<group>"; };
		67DA19C51C90794800BB9382 /* SettingsSliderCell.m */ = {isa = PBXFileReference; fileEncoding = 4; lastKnownFileType = sourcecode.c.objc; path = SettingsSliderCell.m; sourceTree = "<group>"; };
		67DA19C61C90794800BB9382 /* SettingsSliderCell.xib */ = {isa = PBXFileReference; fileEncoding = 4; lastKnownFileType = file.xib; path = SettingsSliderCell.xib; sourceTree = "<group>"; };
		67DA19C91C90809D00BB9382 /* SettingsCellInfo.h */ = {isa = PBXFileReference; fileEncoding = 4; lastKnownFileType = sourcecode.c.h; path = SettingsCellInfo.h; sourceTree = "<group>"; };
		67DA19CA1C90809D00BB9382 /* SettingsCellInfo.m */ = {isa = PBXFileReference; fileEncoding = 4; lastKnownFileType = sourcecode.c.objc; path = SettingsCellInfo.m; sourceTree = "<group>"; };
		67DA19D11C90A06A00BB9382 /* Droplet.png */ = {isa = PBXFileReference; lastKnownFileType = image.png; path = Droplet.png; sourceTree = "<group>"; };
		67DA19D41C90C0EC00BB9382 /* SettingsTitleCell.h */ = {isa = PBXFileReference; fileEncoding = 4; lastKnownFileType = sourcecode.c.h; path = SettingsTitleCell.h; sourceTree = "<group>"; };
		67DA19D51C90C0EC00BB9382 /* SettingsTitleCell.m */ = {isa = PBXFileReference; fileEncoding = 4; lastKnownFileType = sourcecode.c.objc; path = SettingsTitleCell.m; sourceTree = "<group>"; };
		67DA19D61C90C0EC00BB9382 /* SettingsTitleCell.xib */ = {isa = PBXFileReference; fileEncoding = 4; lastKnownFileType = file.xib; path = SettingsTitleCell.xib; sourceTree = "<group>"; };
/* End PBXFileReference section */

/* Begin PBXFrameworksBuildPhase section */
		67DA19361C8DE6C400BB9382 /* Frameworks */ = {
			isa = PBXFrameworksBuildPhase;
			buildActionMask = 2147483647;
			files = (
			);
			runOnlyForDeploymentPostprocessing = 0;
		};
/* End PBXFrameworksBuildPhase section */

/* Begin PBXGroup section */
		67DA19301C8DE6C400BB9382 = {
			isa = PBXGroup;
			children = (
				67DA19CC1C90950500BB9382 /* Dynamic Water Node */,
				67DA193B1C8DE6C500BB9382 /* Demo */,
				67DA193A1C8DE6C400BB9382 /* Products */,
			);
			sourceTree = "<group>";
		};
		67DA193A1C8DE6C400BB9382 /* Products */ = {
			isa = PBXGroup;
			children = (
				67DA19391C8DE6C400BB9382 /* DynamicWater.app */,
			);
			name = Products;
			sourceTree = "<group>";
		};
		67DA193B1C8DE6C500BB9382 /* Demo */ = {
			isa = PBXGroup;
			children = (
				67DA195C1C8E542300BB9382 /* rock.png */,
				67DA195D1C8E542300BB9382 /* sky.png */,
				67DA193F1C8DE6C500BB9382 /* AppDelegate.h */,
				67DA19401C8DE6C500BB9382 /* AppDelegate.m */,
				67DA19421C8DE6C500BB9382 /* GameScene.h */,
				67DA19431C8DE6C500BB9382 /* GameScene.m */,
				67DA19B11C8F39A400BB9382 /* Rock.h */,
				67DA19B21C8F39A400BB9382 /* Rock.m */,
				67DA19451C8DE6C500BB9382 /* GameScene.sks */,
				67DA19471C8DE6C500BB9382 /* GameViewController.h */,
				67DA19481C8DE6C500BB9382 /* GameViewController.m */,
				67DA194A1C8DE6C500BB9382 /* Main.storyboard */,
				67DA19BB1C8FA22900BB9382 /* MyEmitter.sks */,
				67DA19BC1C8FA22900BB9382 /* spark.png */,
				67DA19D91C90C0F200BB9382 /* Settings */,
				67DA194D1C8DE6C500BB9382 /* Assets.xcassets */,
				67DA194F1C8DE6C500BB9382 /* LaunchScreen.storyboard */,
				67DA19521C8DE6C500BB9382 /* Info.plist */,
				67DA19CD1C90951500BB9382 /* Water Scene */,
				67DA193C1C8DE6C500BB9382 /* Supporting Files */,
			);
			name = Demo;
			path = DemoSource;
			sourceTree = "<group>";
		};
		67DA193C1C8DE6C500BB9382 /* Supporting Files */ = {
			isa = PBXGroup;
			children = (
				67DA193D1C8DE6C500BB9382 /* main.m */,
			);
			name = "Supporting Files";
			sourceTree = "<group>";
		};
		67DA19CC1C90950500BB9382 /* Dynamic Water Node */ = {
			isa = PBXGroup;
			children = (
				67DA19D11C90A06A00BB9382 /* Droplet.png */,
				67DA19581C8DE6F400BB9382 /* DynamicWaterNode.h */,
				67DA19591C8DE6F400BB9382 /* DynamicWaterNode.m */,
				67DA19B91C8F8B7900BB9382 /* Droplets.fsh */,
			);
			name = "Dynamic Water Node";
			path = ../SBDynamicWaterNode;
			sourceTree = "<group>";
		};
		67DA19CD1C90951500BB9382 /* Water Scene */ = {
			isa = PBXGroup;
			children = (
			);
			name = "Water Scene";
			sourceTree = "<group>";
		};
		67DA19D91C90C0F200BB9382 /* Settings */ = {
			isa = PBXGroup;
			children = (
				67DA19B41C8F7E2D00BB9382 /* SettingsView.h */,
				67DA19B51C8F7E2D00BB9382 /* SettingsView.m */,
				67DA19B71C8F7E4500BB9382 /* SettingsView.xib */,
				67DA19C91C90809D00BB9382 /* SettingsCellInfo.h */,
				67DA19CA1C90809D00BB9382 /* SettingsCellInfo.m */,
				67DA19C41C90794800BB9382 /* SettingsSliderCell.h */,
				67DA19C51C90794800BB9382 /* SettingsSliderCell.m */,
				67DA19C61C90794800BB9382 /* SettingsSliderCell.xib */,
				67DA19D41C90C0EC00BB9382 /* SettingsTitleCell.h */,
				67DA19D51C90C0EC00BB9382 /* SettingsTitleCell.m */,
				67DA19D61C90C0EC00BB9382 /* SettingsTitleCell.xib */,
			);
			name = Settings;
			sourceTree = "<group>";
		};
/* End PBXGroup section */

/* Begin PBXNativeTarget section */
		67DA19381C8DE6C400BB9382 /* DynamicWater */ = {
			isa = PBXNativeTarget;
			buildConfigurationList = 67DA19551C8DE6C500BB9382 /* Build configuration list for PBXNativeTarget "DynamicWater" */;
			buildPhases = (
				67DA19351C8DE6C400BB9382 /* Sources */,
				67DA19361C8DE6C400BB9382 /* Frameworks */,
				67DA19371C8DE6C400BB9382 /* Resources */,
			);
			buildRules = (
			);
			dependencies = (
			);
			name = DynamicWater;
			productName = DynamicWater;
			productReference = 67DA19391C8DE6C400BB9382 /* DynamicWater.app */;
			productType = "com.apple.product-type.application";
		};
/* End PBXNativeTarget section */

/* Begin PBXProject section */
		67DA19311C8DE6C400BB9382 /* Project object */ = {
			isa = PBXProject;
			attributes = {
				LastUpgradeCheck = 0720;
				ORGANIZATIONNAME = "Steve Barnegren";
				TargetAttributes = {
					67DA19381C8DE6C400BB9382 = {
						CreatedOnToolsVersion = 7.2;
					};
				};
			};
			buildConfigurationList = 67DA19341C8DE6C400BB9382 /* Build configuration list for PBXProject "DynamicWater" */;
			compatibilityVersion = "Xcode 3.2";
			developmentRegion = English;
			hasScannedForEncodings = 0;
			knownRegions = (
				en,
				Base,
			);
			mainGroup = 67DA19301C8DE6C400BB9382;
			productRefGroup = 67DA193A1C8DE6C400BB9382 /* Products */;
			projectDirPath = "";
			projectRoot = "";
			targets = (
				67DA19381C8DE6C400BB9382 /* DynamicWater */,
			);
		};
/* End PBXProject section */

/* Begin PBXResourcesBuildPhase section */
		67DA19371C8DE6C400BB9382 /* Resources */ = {
			isa = PBXResourcesBuildPhase;
			buildActionMask = 2147483647;
			files = (
				67DA19BE1C8FA22900BB9382 /* spark.png in Resources */,
				67DA19BD1C8FA22900BB9382 /* MyEmitter.sks in Resources */,
				67DA19D21C90A06A00BB9382 /* Droplet.png in Resources */,
				67DA19461C8DE6C500BB9382 /* GameScene.sks in Resources */,
				67DA19D81C90C0EC00BB9382 /* SettingsTitleCell.xib in Resources */,
				67DA19511C8DE6C500BB9382 /* LaunchScreen.storyboard in Resources */,
				67AC79761CBEE56700551E1F /* Info.plist in Resources */,
				67DA195F1C8E542300BB9382 /* rock.png in Resources */,
				67DA19C81C90794800BB9382 /* SettingsSliderCell.xib in Resources */,
				67DA194E1C8DE6C500BB9382 /* Assets.xcassets in Resources */,
				67DA19601C8E542300BB9382 /* sky.png in Resources */,
				67DA19D31C90A2C300BB9382 /* SettingsView.xib in Resources */,
				67DA19BA1C8F8B7900BB9382 /* Droplets.fsh in Resources */,
				67DA194C1C8DE6C500BB9382 /* Main.storyboard in Resources */,
			);
			runOnlyForDeploymentPostprocessing = 0;
		};
/* End PBXResourcesBuildPhase section */

/* Begin PBXSourcesBuildPhase section */
		67DA19351C8DE6C400BB9382 /* Sources */ = {
			isa = PBXSourcesBuildPhase;
			buildActionMask = 2147483647;
			files = (
				67DA19D71C90C0EC00BB9382 /* SettingsTitleCell.m in Sources */,
				67DA19CF1C909FEF00BB9382 /* SettingsView.h in Sources */,
				67DA19D01C909FEF00BB9382 /* SettingsView.m in Sources */,
				67DA19491C8DE6C500BB9382 /* GameViewController.m in Sources */,
				67DA19CB1C90809D00BB9382 /* SettingsCellInfo.m in Sources */,
				67DA19411C8DE6C500BB9382 /* AppDelegate.m in Sources */,
				67DA19B31C8F39A400BB9382 /* Rock.m in Sources */,
				67DA19C71C90794800BB9382 /* SettingsSliderCell.m in Sources */,
				67DA19441C8DE6C500BB9382 /* GameScene.m in Sources */,
				67DA195A1C8DE6F400BB9382 /* DynamicWaterNode.m in Sources */,
				67DA193E1C8DE6C500BB9382 /* main.m in Sources */,
			);
			runOnlyForDeploymentPostprocessing = 0;
		};
/* End PBXSourcesBuildPhase section */

/* Begin PBXVariantGroup section */
		67DA194A1C8DE6C500BB9382 /* Main.storyboard */ = {
			isa = PBXVariantGroup;
			children = (
				67DA194B1C8DE6C500BB9382 /* Base */,
			);
			name = Main.storyboard;
			sourceTree = "<group>";
		};
		67DA194F1C8DE6C500BB9382 /* LaunchScreen.storyboard */ = {
			isa = PBXVariantGroup;
			children = (
				67DA19501C8DE6C500BB9382 /* Base */,
			);
			name = LaunchScreen.storyboard;
			sourceTree = "<group>";
		};
/* End PBXVariantGroup section */

/* Begin XCBuildConfiguration section */
		67DA19531C8DE6C500BB9382 /* Debug */ = {
			isa = XCBuildConfiguration;
			buildSettings = {
				ALWAYS_SEARCH_USER_PATHS = NO;
				CLANG_CXX_LANGUAGE_STANDARD = "gnu++0x";
				CLANG_CXX_LIBRARY = "libc++";
				CLANG_ENABLE_MODULES = YES;
				CLANG_ENABLE_OBJC_ARC = YES;
				CLANG_WARN_BOOL_CONVERSION = YES;
				CLANG_WARN_CONSTANT_CONVERSION = YES;
				CLANG_WARN_DIRECT_OBJC_ISA_USAGE = YES_ERROR;
				CLANG_WARN_EMPTY_BODY = YES;
				CLANG_WARN_ENUM_CONVERSION = YES;
				CLANG_WARN_INT_CONVERSION = YES;
				CLANG_WARN_OBJC_ROOT_CLASS = YES_ERROR;
				CLANG_WARN_UNREACHABLE_CODE = YES;
				CLANG_WARN__DUPLICATE_METHOD_MATCH = YES;
				"CODE_SIGN_IDENTITY[sdk=iphoneos*]" = "iPhone Developer";
				COPY_PHASE_STRIP = NO;
				DEBUG_INFORMATION_FORMAT = "dwarf-with-dsym";
				ENABLE_STRICT_OBJC_MSGSEND = YES;
				ENABLE_TESTABILITY = YES;
				GCC_C_LANGUAGE_STANDARD = gnu99;
				GCC_DYNAMIC_NO_PIC = NO;
				GCC_NO_COMMON_BLOCKS = YES;
				GCC_OPTIMIZATION_LEVEL = 0;
				GCC_PREPROCESSOR_DEFINITIONS = (
					"DEBUG=1",
					"$(inherited)",
				);
				GCC_WARN_64_TO_32_BIT_CONVERSION = YES;
				GCC_WARN_ABOUT_RETURN_TYPE = YES_ERROR;
				GCC_WARN_UNDECLARED_SELECTOR = YES;
				GCC_WARN_UNINITIALIZED_AUTOS = YES_AGGRESSIVE;
				GCC_WARN_UNUSED_FUNCTION = YES;
				GCC_WARN_UNUSED_VARIABLE = YES;
				IPHONEOS_DEPLOYMENT_TARGET = 9.2;
				MTL_ENABLE_DEBUG_INFO = YES;
				ONLY_ACTIVE_ARCH = YES;
				SDKROOT = iphoneos;
				TARGETED_DEVICE_FAMILY = "1,2";
			};
			name = Debug;
		};
		67DA19541C8DE6C500BB9382 /* Release */ = {
			isa = XCBuildConfiguration;
			buildSettings = {
				ALWAYS_SEARCH_USER_PATHS = NO;
				CLANG_CXX_LANGUAGE_STANDARD = "gnu++0x";
				CLANG_CXX_LIBRARY = "libc++";
				CLANG_ENABLE_MODULES = YES;
				CLANG_ENABLE_OBJC_ARC = YES;
				CLANG_WARN_BOOL_CONVERSION = YES;
				CLANG_WARN_CONSTANT_CONVERSION = YES;
				CLANG_WARN_DIRECT_OBJC_ISA_USAGE = YES_ERROR;
				CLANG_WARN_EMPTY_BODY = YES;
				CLANG_WARN_ENUM_CONVERSION = YES;
				CLANG_WARN_INT_CONVERSION = YES;
				CLANG_WARN_OBJC_ROOT_CLASS = YES_ERROR;
				CLANG_WARN_UNREACHABLE_CODE = YES;
				CLANG_WARN__DUPLICATE_METHOD_MATCH = YES;
				"CODE_SIGN_IDENTITY[sdk=iphoneos*]" = "iPhone Developer";
				COPY_PHASE_STRIP = NO;
				DEBUG_INFORMATION_FORMAT = "dwarf-with-dsym";
				ENABLE_NS_ASSERTIONS = NO;
				ENABLE_STRICT_OBJC_MSGSEND = YES;
				GCC_C_LANGUAGE_STANDARD = gnu99;
				GCC_NO_COMMON_BLOCKS = YES;
				GCC_WARN_64_TO_32_BIT_CONVERSION = YES;
				GCC_WARN_ABOUT_RETURN_TYPE = YES_ERROR;
				GCC_WARN_UNDECLARED_SELECTOR = YES;
				GCC_WARN_UNINITIALIZED_AUTOS = YES_AGGRESSIVE;
				GCC_WARN_UNUSED_FUNCTION = YES;
				GCC_WARN_UNUSED_VARIABLE = YES;
				IPHONEOS_DEPLOYMENT_TARGET = 9.2;
				MTL_ENABLE_DEBUG_INFO = NO;
				SDKROOT = iphoneos;
				TARGETED_DEVICE_FAMILY = "1,2";
				VALIDATE_PRODUCT = YES;
			};
			name = Release;
		};
		67DA19561C8DE6C500BB9382 /* Debug */ = {
			isa = XCBuildConfiguration;
			buildSettings = {
				ASSETCATALOG_COMPILER_APPICON_NAME = AppIcon;
				INFOPLIST_FILE = "$(SRCROOT)/DemoSource/Info.plist";
				LD_RUNPATH_SEARCH_PATHS = "$(inherited) @executable_path/Frameworks";
				PRODUCT_BUNDLE_IDENTIFIER = SteveBarnegren.DynamicWater;
				PRODUCT_NAME = "$(TARGET_NAME)";
			};
			name = Debug;
		};
		67DA19571C8DE6C500BB9382 /* Release */ = {
			isa = XCBuildConfiguration;
			buildSettings = {
				ASSETCATALOG_COMPILER_APPICON_NAME = AppIcon;
				INFOPLIST_FILE = "$(SRCROOT)/DemoSource/Info.plist";
				LD_RUNPATH_SEARCH_PATHS = "$(inherited) @executable_path/Frameworks";
				PRODUCT_BUNDLE_IDENTIFIER = SteveBarnegren.DynamicWater;
				PRODUCT_NAME = "$(TARGET_NAME)";
			};
			name = Release;
		};
/* End XCBuildConfiguration section */

/* Begin XCConfigurationList section */
		67DA19341C8DE6C400BB9382 /* Build configuration list for PBXProject "DynamicWater" */ = {
			isa = XCConfigurationList;
			buildConfigurations = (
				67DA19531C8DE6C500BB9382 /* Debug */,
				67DA19541C8DE6C500BB9382 /* Release */,
			);
			defaultConfigurationIsVisible = 0;
			defaultConfigurationName = Release;
		};
		67DA19551C8DE6C500BB9382 /* Build configuration list for PBXNativeTarget "DynamicWater" */ = {
			isa = XCConfigurationList;
			buildConfigurations = (
				67DA19561C8DE6C500BB9382 /* Debug */,
				67DA19571C8DE6C500BB9382 /* Release */,
			);
			defaultConfigurationIsVisible = 0;
			defaultConfigurationName = Release;
		};
/* End XCConfigurationList section */
	};
	rootObject = 67DA19311C8DE6C400BB9382 /* Project object */;
}
